{
  "nodes": {
    "flake-utils": {
      "locked": {
        "lastModified": 1598189285,
        "narHash": "sha256-5jcLCoX9ZakSSyqC+x8YPm9W58zyfrpOLGxO2jASoNI=",
        "owner": "numtide",
        "repo": "flake-utils",
        "rev": "e34fcedfc799e31449ec0a0b87b031e14c454a39",
        "type": "github"
      },
      "original": {
        "owner": "numtide",
        "repo": "flake-utils",
        "type": "github"
      }
    },
    "nixpkgs": {
      "locked": {
        "lastModified": 1598238449,
        "narHash": "sha256-Oj4lmzeOhiQgqcEpeXkwANkCstiCDOtevCgg6GlcDh4=",
        "owner": "nixos",
        "repo": "nixpkgs-channels",
        "rev": "14006b724f3d1f25ecf38238ee723d38b0c2f4ce",
        "type": "github"
      },
      "original": {
        "owner": "nixos",
        "ref": "nixos-20.03",
        "repo": "nixpkgs-channels",
        "type": "github"
      }
    },
    "root": {
      "inputs": {
        "flake-utils": "flake-utils",
        "nixpkgs": "nixpkgs"
      }
    }
  },
  "root": "root",
  "version": 7
}
